
Microsoft Visual Studio Solution File, Format Version 12.00
# Visual Studio Version 17
VisualStudioVersion = 17.9.34728.123
MinimumVisualStudioVersion = 10.0.40219.1
Project("{FAE04EC0-301F-11D3-BF4B-00C04F79EFBC}") = "Week 13", "Week 13\Week 13.csproj", "{5246E016-6A8C-4EB8-8D2E-A1A3762DEF01}"
EndProject
Global
	GlobalSection(SolutionConfigurationPlatforms) = preSolution
		Debug|Any CPU = Debug|Any CPU
		Release|Any CPU = Release|Any CPU
	EndGlobalSection
	GlobalSection(ProjectConfigurationPlatforms) = postSolution
		{5246E016-6A8C-4EB8-8D2E-A1A3762DEF01}.Debug|Any CPU.ActiveCfg = Debug|Any CPU
		{5246E016-6A8C-4EB8-8D2E-A1A3762DEF01}.Debug|Any CPU.Build.0 = Debug|Any CPU
		{5246E016-6A8C-4EB8-8D2E-A1A3762DEF01}.Release|Any CPU.ActiveCfg = Release|Any CPU
		{5246E016-6A8C-4EB8-8D2E-A1A3762DEF01}.Release|Any CPU.Build.0 = Release|Any CPU
	EndGlobalSection
	GlobalSection(SolutionProperties) = preSolution
		HideSolutionNode = FALSE
	EndGlobalSection
	GlobalSection(ExtensibilityGlobals) = postSolution
		SolutionGuid = {D78AD30F-98C2-4F2D-B11F-E1A1997DD3E0}
	EndGlobalSection
EndGlobal
